
Microsoft Visual Studio Solution File, Format Version 12.00
# Visual Studio Version 17
VisualStudioVersion = 17.8.34316.72
MinimumVisualStudioVersion = 10.0.40219.1
Project("{FAE04EC0-301F-11D3-BF4B-00C04F79EFBC}") = "key", "key\key.csproj", "{F3BE0151-5A6D-4813-8C2A-2493CDBC14EC}"
EndProject
Global
	GlobalSection(SolutionConfigurationPlatforms) = preSolution
		Debug|Any CPU = Debug|Any CPU
		Release|Any CPU = Release|Any CPU
	EndGlobalSection
	GlobalSection(ProjectConfigurationPlatforms) = postSolution
		{F3BE0151-5A6D-4813-8C2A-2493CDBC14EC}.Debug|Any CPU.ActiveCfg = Debug|Any CPU
		{F3BE0151-5A6D-4813-8C2A-2493CDBC14EC}.Debug|Any CPU.Build.0 = Debug|Any CPU
		{F3BE0151-5A6D-4813-8C2A-2493CDBC14EC}.Release|Any CPU.ActiveCfg = Release|Any CPU
		{F3BE0151-5A6D-4813-8C2A-2493CDBC14EC}.Release|Any CPU.Build.0 = Release|Any CPU
	EndGlobalSection
	GlobalSection(SolutionProperties) = preSolution
		HideSolutionNode = FALSE
	EndGlobalSection
	GlobalSection(ExtensibilityGlobals) = postSolution
		SolutionGuid = {269AC115-D6E5-408A-A5A4-8BC4A7BE3E5A}
	EndGlobalSection
EndGlobal
